
Microsoft Visual Studio Solution File, Format Version 12.00
# Visual Studio Version 17
VisualStudioVersion = 17.6.33723.286
MinimumVisualStudioVersion = 10.0.40219.1
Project("{FAE04EC0-301F-11D3-BF4B-00C04F79EFBC}") = "MediaRetention", "MediaRetention.csproj", "{851C08E5-AE60-490A-9791-83361F39D6A8}"
EndProject
Global
	GlobalSection(SolutionConfigurationPlatforms) = preSolution
		Debug|Any CPU = Debug|Any CPU
		Release|Any CPU = Release|Any CPU
	EndGlobalSection
	GlobalSection(ProjectConfigurationPlatforms) = postSolution
		{851C08E5-AE60-490A-9791-83361F39D6A8}.Debug|Any CPU.ActiveCfg = Debug|Any CPU
		{851C08E5-AE60-490A-9791-83361F39D6A8}.Debug|Any CPU.Build.0 = Debug|Any CPU
		{851C08E5-AE60-490A-9791-83361F39D6A8}.Release|Any CPU.ActiveCfg = Release|Any CPU
		{851C08E5-AE60-490A-9791-83361F39D6A8}.Release|Any CPU.Build.0 = Release|Any CPU
	EndGlobalSection
	GlobalSection(SolutionProperties) = preSolution
		HideSolutionNode = FALSE
	EndGlobalSection
	GlobalSection(ExtensibilityGlobals) = postSolution
		SolutionGuid = {5AAC31E4-49EB-4CAD-AA26-50F292251A3C}
	EndGlobalSection
EndGlobal
